
Microsoft Visual Studio Solution File, Format Version 12.00
# Visual Studio 15
VisualStudioVersion = 15.0.28307.168
MinimumVisualStudioVersion = 10.0.40219.1
Project("{FAE04EC0-301F-11D3-BF4B-00C04F79EFBC}") = "01.DrawingTimeBar", "01.DrawingTimeBar\01.DrawingTimeBar.csproj", "{CACB932D-54D1-40D3-88E8-06DA8779D97A}"
EndProject
Project("{FAE04EC0-301F-11D3-BF4B-00C04F79EFBC}") = "02.LatinOrCyrillic", "02.LatinOrCyrillic\02.LatinOrCyrillic.csproj", "{3C11A191-3436-479A-9F88-04B89DEB9314}"
EndProject
Project("{FAE04EC0-301F-11D3-BF4B-00C04F79EFBC}") = "03.BloodSugarMeasurement", "03.BloodSugarMeasurement\03.BloodSugarMeasurement.csproj", "{E1CEC108-C1DD-4001-BE4C-3BB5C2B418BC}"
EndProject
Project("{FAE04EC0-301F-11D3-BF4B-00C04F79EFBC}") = "06.AgeLegalStatus", "06.AgeLegalStatus\06.AgeLegalStatus.csproj", "{F2340B67-21E3-46C5-93AD-56EEE92D875D}"
EndProject
Project("{FAE04EC0-301F-11D3-BF4B-00C04F79EFBC}") = "SumNNumbers_07", "SumNNumbers_07\SumNNumbers_07.csproj", "{B4C27A1B-ADB4-45C6-BA12-83CEA7F94FE2}"
EndProject
Project("{FAE04EC0-301F-11D3-BF4B-00C04F79EFBC}") = "DayOrNight", "DayOrNight\DayOrNight.csproj", "{6856FE9E-61FC-40F7-9FC5-177FA73DF6C0}"
EndProject
Global
	GlobalSection(SolutionConfigurationPlatforms) = preSolution
		Debug|Any CPU = Debug|Any CPU
		Release|Any CPU = Release|Any CPU
	EndGlobalSection
	GlobalSection(ProjectConfigurationPlatforms) = postSolution
		{CACB932D-54D1-40D3-88E8-06DA8779D97A}.Debug|Any CPU.ActiveCfg = Debug|Any CPU
		{CACB932D-54D1-40D3-88E8-06DA8779D97A}.Debug|Any CPU.Build.0 = Debug|Any CPU
		{CACB932D-54D1-40D3-88E8-06DA8779D97A}.Release|Any CPU.ActiveCfg = Release|Any CPU
		{CACB932D-54D1-40D3-88E8-06DA8779D97A}.Release|Any CPU.Build.0 = Release|Any CPU
		{3C11A191-3436-479A-9F88-04B89DEB9314}.Debug|Any CPU.ActiveCfg = Debug|Any CPU
		{3C11A191-3436-479A-9F88-04B89DEB9314}.Debug|Any CPU.Build.0 = Debug|Any CPU
		{3C11A191-3436-479A-9F88-04B89DEB9314}.Release|Any CPU.ActiveCfg = Release|Any CPU
		{3C11A191-3436-479A-9F88-04B89DEB9314}.Release|Any CPU.Build.0 = Release|Any CPU
		{E1CEC108-C1DD-4001-BE4C-3BB5C2B418BC}.Debug|Any CPU.ActiveCfg = Debug|Any CPU
		{E1CEC108-C1DD-4001-BE4C-3BB5C2B418BC}.Debug|Any CPU.Build.0 = Debug|Any CPU
		{E1CEC108-C1DD-4001-BE4C-3BB5C2B418BC}.Release|Any CPU.ActiveCfg = Release|Any CPU
		{E1CEC108-C1DD-4001-BE4C-3BB5C2B418BC}.Release|Any CPU.Build.0 = Release|Any CPU
		{F2340B67-21E3-46C5-93AD-56EEE92D875D}.Debug|Any CPU.ActiveCfg = Debug|Any CPU
		{F2340B67-21E3-46C5-93AD-56EEE92D875D}.Debug|Any CPU.Build.0 = Debug|Any CPU
		{F2340B67-21E3-46C5-93AD-56EEE92D875D}.Release|Any CPU.ActiveCfg = Release|Any CPU
		{F2340B67-21E3-46C5-93AD-56EEE92D875D}.Release|Any CPU.Build.0 = Release|Any CPU
		{B4C27A1B-ADB4-45C6-BA12-83CEA7F94FE2}.Debug|Any CPU.ActiveCfg = Debug|Any CPU
		{B4C27A1B-ADB4-45C6-BA12-83CEA7F94FE2}.Debug|Any CPU.Build.0 = Debug|Any CPU
		{B4C27A1B-ADB4-45C6-BA12-83CEA7F94FE2}.Release|Any CPU.ActiveCfg = Release|Any CPU
		{B4C27A1B-ADB4-45C6-BA12-83CEA7F94FE2}.Release|Any CPU.Build.0 = Release|Any CPU
		{6856FE9E-61FC-40F7-9FC5-177FA73DF6C0}.Debug|Any CPU.ActiveCfg = Debug|Any CPU
		{6856FE9E-61FC-40F7-9FC5-177FA73DF6C0}.Debug|Any CPU.Build.0 = Debug|Any CPU
		{6856FE9E-61FC-40F7-9FC5-177FA73DF6C0}.Release|Any CPU.ActiveCfg = Release|Any CPU
		{6856FE9E-61FC-40F7-9FC5-177FA73DF6C0}.Release|Any CPU.Build.0 = Release|Any CPU
	EndGlobalSection
	GlobalSection(SolutionProperties) = preSolution
		HideSolutionNode = FALSE
	EndGlobalSection
	GlobalSection(ExtensibilityGlobals) = postSolution
		SolutionGuid = {51EE3332-98E7-40BF-A8CD-D0EB235FCDCC}
	EndGlobalSection
EndGlobal
